// !$*UTF8*$!
{
	archiveVersion = 1;
	classes = {
	};
	objectVersion = 51;
	objects = {

/* Begin PBXBuildFile section */
		4A5DB38A272ADD440002C930 /* TAUUITests.swift in Sources */ = {isa = PBXBuildFile; fileRef = 4A5DB389272ADD440002C930 /* TAUUITests.swift */; };
		4A5DB38C272ADD440002C930 /* TAUUITestsLaunchTests.swift in Sources */ = {isa = PBXBuildFile; fileRef = 4A5DB38B272ADD440002C930 /* TAUUITestsLaunchTests.swift */; };
		4A5DB393272AF0360002C930 /* TAUUITestBase.swift in Sources */ = {isa = PBXBuildFile; fileRef = 4A5DB392272AF0360002C930 /* TAUUITestBase.swift */; };
		4A5DB395272AFFC30002C930 /* BDDTest.swift in Sources */ = {isa = PBXBuildFile; fileRef = 4A5DB394272AFFC30002C930 /* BDDTest.swift */; };
		4A5DB397272B0F6E0002C930 /* TAUSteps.swift in Sources */ = {isa = PBXBuildFile; fileRef = 4A5DB396272B0F6E0002C930 /* TAUSteps.swift */; };
		4A5DB39A272B0F850002C930 /* TAUelements.swift in Sources */ = {isa = PBXBuildFile; fileRef = 4A5DB399272B0F850002C930 /* TAUelements.swift */; };
		4AEBE68C272B1B5D0063C32E /* TAUEyesTest.swift in Sources */ = {isa = PBXBuildFile; fileRef = 4AEBE68B272B1B5D0063C32E /* TAUEyesTest.swift */; };
		6B734CB547FF64D75C260AC0 /* libPods-TAU-TAUUITests.a in Frameworks */ = {isa = PBXBuildFile; fileRef = 39D8A7CFEC3C8F8052D84FED /* libPods-TAU-TAUUITests.a */; };
		93B58ECEFB862802E40A8D0C /* libPods-TAU.a in Frameworks */ = {isa = PBXBuildFile; fileRef = CF427F63032604C5655BBCD9 /* libPods-TAU.a */; };
		9B5BC70E220F55C20047CFA4 /* AppDelegate.swift in Sources */ = {isa = PBXBuildFile; fileRef = 9B5BC70D220F55C20047CFA4 /* AppDelegate.swift */; };
		9B5BC710220F55C20047CFA4 /* ViewController.swift in Sources */ = {isa = PBXBuildFile; fileRef = 9B5BC70F220F55C20047CFA4 /* ViewController.swift */; };
		9B5BC713220F55C20047CFA4 /* Main.storyboard in Resources */ = {isa = PBXBuildFile; fileRef = 9B5BC711220F55C20047CFA4 /* Main.storyboard */; };
		9B5BC715220F55D20047CFA4 /* Assets.xcassets in Resources */ = {isa = PBXBuildFile; fileRef = 9B5BC714220F55D20047CFA4 /* Assets.xcassets */; };
		9B5BC718220F55D20047CFA4 /* LaunchScreen.storyboard in Resources */ = {isa = PBXBuildFile; fileRef = 9B5BC716220F55D20047CFA4 /* LaunchScreen.storyboard */; };
		9B5BC723220F55D20047CFA4 /* TAUTests.swift in Sources */ = {isa = PBXBuildFile; fileRef = 9B5BC722220F55D20047CFA4 /* TAUTests.swift */; };
/* End PBXBuildFile section */

/* Begin PBXContainerItemProxy section */
		4A5DB38D272ADD440002C930 /* PBXContainerItemProxy */ = {
			isa = PBXContainerItemProxy;
			containerPortal = 9B5BC702220F55C20047CFA4 /* Project object */;
			proxyType = 1;
			remoteGlobalIDString = 9B5BC709220F55C20047CFA4;
			remoteInfo = TAU;
		};
		9B5BC71F220F55D20047CFA4 /* PBXContainerItemProxy */ = {
			isa = PBXContainerItemProxy;
			containerPortal = 9B5BC702220F55C20047CFA4 /* Project object */;
			proxyType = 1;
			remoteGlobalIDString = 9B5BC709220F55C20047CFA4;
			remoteInfo = TAU;
		};
/* End PBXContainerItemProxy section */

/* Begin PBXFileReference section */
		1360FD2CF0FE60B7895E929C /* Pods-TAU.debug.xcconfig */ = {isa = PBXFileReference; includeInIndex = 1; lastKnownFileType = text.xcconfig; name = "Pods-TAU.debug.xcconfig"; path = "Target Support Files/Pods-TAU/Pods-TAU.debug.xcconfig"; sourceTree = "<group>"; };
		39D8A7CFEC3C8F8052D84FED /* libPods-TAU-TAUUITests.a */ = {isa = PBXFileReference; explicitFileType = archive.ar; includeInIndex = 0; path = "libPods-TAU-TAUUITests.a"; sourceTree = BUILT_PRODUCTS_DIR; };
		4A5DB387272ADD440002C930 /* TAUUITests.xctest */ = {isa = PBXFileReference; explicitFileType = wrapper.cfbundle; includeInIndex = 0; path = TAUUITests.xctest; sourceTree = BUILT_PRODUCTS_DIR; };
		4A5DB389272ADD440002C930 /* TAUUITests.swift */ = {isa = PBXFileReference; lastKnownFileType = sourcecode.swift; path = TAUUITests.swift; sourceTree = "<group>"; };
		4A5DB38B272ADD440002C930 /* TAUUITestsLaunchTests.swift */ = {isa = PBXFileReference; lastKnownFileType = sourcecode.swift; path = TAUUITestsLaunchTests.swift; sourceTree = "<group>"; };
		4A5DB392272AF0360002C930 /* TAUUITestBase.swift */ = {isa = PBXFileReference; lastKnownFileType = sourcecode.swift; path = TAUUITestBase.swift; sourceTree = "<group>"; };
		4A5DB394272AFFC30002C930 /* BDDTest.swift */ = {isa = PBXFileReference; lastKnownFileType = sourcecode.swift; path = BDDTest.swift; sourceTree = "<group>"; };
		4A5DB396272B0F6E0002C930 /* TAUSteps.swift */ = {isa = PBXFileReference; lastKnownFileType = sourcecode.swift; path = TAUSteps.swift; sourceTree = "<group>"; };
		4A5DB399272B0F850002C930 /* TAUelements.swift */ = {isa = PBXFileReference; lastKnownFileType = sourcecode.swift; path = TAUelements.swift; sourceTree = "<group>"; };
		4AEBE68B272B1B5D0063C32E /* TAUEyesTest.swift */ = {isa = PBXFileReference; lastKnownFileType = sourcecode.swift; path = TAUEyesTest.swift; sourceTree = "<group>"; };
		65C16B4C481B9AE2A78DCBB5 /* Pods-TAU.release.xcconfig */ = {isa = PBXFileReference; includeInIndex = 1; lastKnownFileType = text.xcconfig; name = "Pods-TAU.release.xcconfig"; path = "Target Support Files/Pods-TAU/Pods-TAU.release.xcconfig"; sourceTree = "<group>"; };
		9B5BC70A220F55C20047CFA4 /* TAU.app */ = {isa = PBXFileReference; explicitFileType = wrapper.application; includeInIndex = 0; path = TAU.app; sourceTree = BUILT_PRODUCTS_DIR; };
		9B5BC70D220F55C20047CFA4 /* AppDelegate.swift */ = {isa = PBXFileReference; lastKnownFileType = sourcecode.swift; path = AppDelegate.swift; sourceTree = "<group>"; };
		9B5BC70F220F55C20047CFA4 /* ViewController.swift */ = {isa = PBXFileReference; lastKnownFileType = sourcecode.swift; path = ViewController.swift; sourceTree = "<group>"; };
		9B5BC712220F55C20047CFA4 /* Base */ = {isa = PBXFileReference; lastKnownFileType = file.storyboard; name = Base; path = Base.lproj/Main.storyboard; sourceTree = "<group>"; };
		9B5BC714220F55D20047CFA4 /* Assets.xcassets */ = {isa = PBXFileReference; lastKnownFileType = folder.assetcatalog; path = Assets.xcassets; sourceTree = "<group>"; };
		9B5BC717220F55D20047CFA4 /* Base */ = {isa = PBXFileReference; lastKnownFileType = file.storyboard; name = Base; path = Base.lproj/LaunchScreen.storyboard; sourceTree = "<group>"; };
		9B5BC719220F55D20047CFA4 /* Info.plist */ = {isa = PBXFileReference; lastKnownFileType = text.plist.xml; path = Info.plist; sourceTree = "<group>"; };
		9B5BC71E220F55D20047CFA4 /* TAUTests.xctest */ = {isa = PBXFileReference; explicitFileType = wrapper.cfbundle; includeInIndex = 0; path = TAUTests.xctest; sourceTree = BUILT_PRODUCTS_DIR; };
		9B5BC722220F55D20047CFA4 /* TAUTests.swift */ = {isa = PBXFileReference; lastKnownFileType = sourcecode.swift; path = TAUTests.swift; sourceTree = "<group>"; };
		9B5BC724220F55D20047CFA4 /* Info.plist */ = {isa = PBXFileReference; lastKnownFileType = text.plist.xml; path = Info.plist; sourceTree = "<group>"; };
		BDC300055FD24FD8BB9B18F7 /* Pods-TAU-TAUUITests.debug.xcconfig */ = {isa = PBXFileReference; includeInIndex = 1; lastKnownFileType = text.xcconfig; name = "Pods-TAU-TAUUITests.debug.xcconfig"; path = "Target Support Files/Pods-TAU-TAUUITests/Pods-TAU-TAUUITests.debug.xcconfig"; sourceTree = "<group>"; };
		C37EAFF15C1EDC32214F0270 /* Pods-TAU-TAUUITests.release.xcconfig */ = {isa = PBXFileReference; includeInIndex = 1; lastKnownFileType = text.xcconfig; name = "Pods-TAU-TAUUITests.release.xcconfig"; path = "Target Support Files/Pods-TAU-TAUUITests/Pods-TAU-TAUUITests.release.xcconfig"; sourceTree = "<group>"; };
		CF427F63032604C5655BBCD9 /* libPods-TAU.a */ = {isa = PBXFileReference; explicitFileType = archive.ar; includeInIndex = 0; path = "libPods-TAU.a"; sourceTree = BUILT_PRODUCTS_DIR; };
/* End PBXFileReference section */

/* Begin PBXFrameworksBuildPhase section */
		4A5DB384272ADD440002C930 /* Frameworks */ = {
			isa = PBXFrameworksBuildPhase;
			buildActionMask = 2147483647;
			files = (
				6B734CB547FF64D75C260AC0 /* libPods-TAU-TAUUITests.a in Frameworks */,
			);
			runOnlyForDeploymentPostprocessing = 0;
		};
		9B5BC707220F55C20047CFA4 /* Frameworks */ = {
			isa = PBXFrameworksBuildPhase;
			buildActionMask = 2147483647;
			files = (
				93B58ECEFB862802E40A8D0C /* libPods-TAU.a in Frameworks */,
			);
			runOnlyForDeploymentPostprocessing = 0;
		};
		9B5BC71B220F55D20047CFA4 /* Frameworks */ = {
			isa = PBXFrameworksBuildPhase;
			buildActionMask = 2147483647;
			files = (
			);
			runOnlyForDeploymentPostprocessing = 0;
		};
/* End PBXFrameworksBuildPhase section */

/* Begin PBXGroup section */
		4A5DB388272ADD440002C930 /* TAUUITests */ = {
			isa = PBXGroup;
			children = (
				4A5DB39E272B10240002C930 /* Tests */,
				4A5DB39D272B101D0002C930 /* Steps */,
				4A5DB39C272B10120002C930 /* XUIElements */,
				4A5DB39B272B10080002C930 /* Base */,
			);
			path = TAUUITests;
			sourceTree = "<group>";
		};
		4A5DB39B272B10080002C930 /* Base */ = {
			isa = PBXGroup;
			children = (
				4A5DB392272AF0360002C930 /* TAUUITestBase.swift */,
			);
			path = Base;
			sourceTree = "<group>";
		};
		4A5DB39C272B10120002C930 /* XUIElements */ = {
			isa = PBXGroup;
			children = (
				4A5DB399272B0F850002C930 /* TAUelements.swift */,
			);
			path = XUIElements;
			sourceTree = "<group>";
		};
		4A5DB39D272B101D0002C930 /* Steps */ = {
			isa = PBXGroup;
			children = (
				4A5DB396272B0F6E0002C930 /* TAUSteps.swift */,
			);
			path = Steps;
			sourceTree = "<group>";
		};
		4A5DB39E272B10240002C930 /* Tests */ = {
			isa = PBXGroup;
			children = (
				4A5DB394272AFFC30002C930 /* BDDTest.swift */,
				4A5DB38B272ADD440002C930 /* TAUUITestsLaunchTests.swift */,
				4A5DB389272ADD440002C930 /* TAUUITests.swift */,
				4AEBE68B272B1B5D0063C32E /* TAUEyesTest.swift */,
			);
			path = Tests;
			sourceTree = "<group>";
		};
		9ABCA8B99BDC366C0FC334D5 /* Frameworks */ = {
			isa = PBXGroup;
			children = (
				CF427F63032604C5655BBCD9 /* libPods-TAU.a */,
				39D8A7CFEC3C8F8052D84FED /* libPods-TAU-TAUUITests.a */,
			);
			name = Frameworks;
			sourceTree = "<group>";
		};
		9B5BC701220F55C20047CFA4 = {
			isa = PBXGroup;
			children = (
				9B5BC70C220F55C20047CFA4 /* TAU */,
				9B5BC721220F55D20047CFA4 /* TAUTests */,
				4A5DB388272ADD440002C930 /* TAUUITests */,
				9B5BC70B220F55C20047CFA4 /* Products */,
				E547592DF2F0690CAD15E457 /* Pods */,
				9ABCA8B99BDC366C0FC334D5 /* Frameworks */,
			);
			sourceTree = "<group>";
		};
		9B5BC70B220F55C20047CFA4 /* Products */ = {
			isa = PBXGroup;
			children = (
				9B5BC70A220F55C20047CFA4 /* TAU.app */,
				9B5BC71E220F55D20047CFA4 /* TAUTests.xctest */,
				4A5DB387272ADD440002C930 /* TAUUITests.xctest */,
			);
			name = Products;
			sourceTree = "<group>";
		};
		9B5BC70C220F55C20047CFA4 /* TAU */ = {
			isa = PBXGroup;
			children = (
				9B5BC70D220F55C20047CFA4 /* AppDelegate.swift */,
				9B5BC70F220F55C20047CFA4 /* ViewController.swift */,
				9B5BC711220F55C20047CFA4 /* Main.storyboard */,
				9B5BC714220F55D20047CFA4 /* Assets.xcassets */,
				9B5BC716220F55D20047CFA4 /* LaunchScreen.storyboard */,
				9B5BC719220F55D20047CFA4 /* Info.plist */,
			);
			path = TAU;
			sourceTree = "<group>";
		};
		9B5BC721220F55D20047CFA4 /* TAUTests */ = {
			isa = PBXGroup;
			children = (
				9B5BC722220F55D20047CFA4 /* TAUTests.swift */,
				9B5BC724220F55D20047CFA4 /* Info.plist */,
			);
			path = TAUTests;
			sourceTree = "<group>";
		};
		E547592DF2F0690CAD15E457 /* Pods */ = {
			isa = PBXGroup;
			children = (
				1360FD2CF0FE60B7895E929C /* Pods-TAU.debug.xcconfig */,
				65C16B4C481B9AE2A78DCBB5 /* Pods-TAU.release.xcconfig */,
				BDC300055FD24FD8BB9B18F7 /* Pods-TAU-TAUUITests.debug.xcconfig */,
				C37EAFF15C1EDC32214F0270 /* Pods-TAU-TAUUITests.release.xcconfig */,
			);
			path = Pods;
			sourceTree = "<group>";
		};
/* End PBXGroup section */

/* Begin PBXNativeTarget section */
		4A5DB386272ADD440002C930 /* TAUUITests */ = {
			isa = PBXNativeTarget;
			buildConfigurationList = 4A5DB391272ADD440002C930 /* Build configuration list for PBXNativeTarget "TAUUITests" */;
			buildPhases = (
				378208B94FD06339580A76E0 /* [CP] Check Pods Manifest.lock */,
				4A5DB383272ADD440002C930 /* Sources */,
				4A5DB384272ADD440002C930 /* Frameworks */,
				4A5DB385272ADD440002C930 /* Resources */,
				642D6EEE2EFC61E2C79B4BF3 /* [CP] Embed Pods Frameworks */,
			);
			buildRules = (
			);
			dependencies = (
				4A5DB38E272ADD440002C930 /* PBXTargetDependency */,
			);
			name = TAUUITests;
			productName = TAUUITests;
			productReference = 4A5DB387272ADD440002C930 /* TAUUITests.xctest */;
			productType = "com.apple.product-type.bundle.ui-testing";
		};
		9B5BC709220F55C20047CFA4 /* TAU */ = {
			isa = PBXNativeTarget;
			buildConfigurationList = 9B5BC727220F55D20047CFA4 /* Build configuration list for PBXNativeTarget "TAU" */;
			buildPhases = (
				87ECEDA739E51213EFB81ACC /* [CP] Check Pods Manifest.lock */,
				9B5BC706220F55C20047CFA4 /* Sources */,
				9B5BC707220F55C20047CFA4 /* Frameworks */,
				9B5BC708220F55C20047CFA4 /* Resources */,
			);
			buildRules = (
			);
			dependencies = (
			);
			name = TAU;
			productName = TAU;
			productReference = 9B5BC70A220F55C20047CFA4 /* TAU.app */;
			productType = "com.apple.product-type.application";
		};
		9B5BC71D220F55D20047CFA4 /* TAUTests */ = {
			isa = PBXNativeTarget;
			buildConfigurationList = 9B5BC72A220F55D20047CFA4 /* Build configuration list for PBXNativeTarget "TAUTests" */;
			buildPhases = (
				9B5BC71A220F55D20047CFA4 /* Sources */,
				9B5BC71B220F55D20047CFA4 /* Frameworks */,
				9B5BC71C220F55D20047CFA4 /* Resources */,
			);
			buildRules = (
			);
			dependencies = (
				9B5BC720220F55D20047CFA4 /* PBXTargetDependency */,
			);
			name = TAUTests;
			productName = TAUTests;
			productReference = 9B5BC71E220F55D20047CFA4 /* TAUTests.xctest */;
			productType = "com.apple.product-type.bundle.unit-test";
		};
/* End PBXNativeTarget section */

/* Begin PBXProject section */
		9B5BC702220F55C20047CFA4 /* Project object */ = {
			isa = PBXProject;
			attributes = {
				LastSwiftUpdateCheck = 1300;
				LastUpgradeCheck = 1010;
				ORGANIZATIONNAME = "Shashikant Jagtap";
				TargetAttributes = {
					4A5DB386272ADD440002C930 = {
						CreatedOnToolsVersion = 13.0;
						TestTargetID = 9B5BC709220F55C20047CFA4;
					};
					9B5BC709220F55C20047CFA4 = {
						CreatedOnToolsVersion = 10.1;
					};
					9B5BC71D220F55D20047CFA4 = {
						CreatedOnToolsVersion = 10.1;
						TestTargetID = 9B5BC709220F55C20047CFA4;
					};
				};
			};
			buildConfigurationList = 9B5BC705220F55C20047CFA4 /* Build configuration list for PBXProject "TAU" */;
			compatibilityVersion = "Xcode 9.3";
			developmentRegion = en;
			hasScannedForEncodings = 0;
			knownRegions = (
				en,
				Base,
			);
			mainGroup = 9B5BC701220F55C20047CFA4;
			productRefGroup = 9B5BC70B220F55C20047CFA4 /* Products */;
			projectDirPath = "";
			projectRoot = "";
			targets = (
				9B5BC709220F55C20047CFA4 /* TAU */,
				9B5BC71D220F55D20047CFA4 /* TAUTests */,
				4A5DB386272ADD440002C930 /* TAUUITests */,
			);
		};
/* End PBXProject section */

/* Begin PBXResourcesBuildPhase section */
		4A5DB385272ADD440002C930 /* Resources */ = {
			isa = PBXResourcesBuildPhase;
			buildActionMask = 2147483647;
			files = (
			);
			runOnlyForDeploymentPostprocessing = 0;
		};
		9B5BC708220F55C20047CFA4 /* Resources */ = {
			isa = PBXResourcesBuildPhase;
			buildActionMask = 2147483647;
			files = (
				9B5BC718220F55D20047CFA4 /* LaunchScreen.storyboard in Resources */,
				9B5BC715220F55D20047CFA4 /* Assets.xcassets in Resources */,
				9B5BC713220F55C20047CFA4 /* Main.storyboard in Resources */,
			);
			runOnlyForDeploymentPostprocessing = 0;
		};
		9B5BC71C220F55D20047CFA4 /* Resources */ = {
			isa = PBXResourcesBuildPhase;
			buildActionMask = 2147483647;
			files = (
			);
			runOnlyForDeploymentPostprocessing = 0;
		};
/* End PBXResourcesBuildPhase section */

/* Begin PBXShellScriptBuildPhase section */
		378208B94FD06339580A76E0 /* [CP] Check Pods Manifest.lock */ = {
			isa = PBXShellScriptBuildPhase;
			buildActionMask = 2147483647;
			files = (
			);
			inputFileListPaths = (
			);
			inputPaths = (
				"${PODS_PODFILE_DIR_PATH}/Podfile.lock",
				"${PODS_ROOT}/Manifest.lock",
			);
			name = "[CP] Check Pods Manifest.lock";
			outputFileListPaths = (
			);
			outputPaths = (
				"$(DERIVED_FILE_DIR)/Pods-TAU-TAUUITests-checkManifestLockResult.txt",
			);
			runOnlyForDeploymentPostprocessing = 0;
			shellPath = /bin/sh;
			shellScript = "diff \"${PODS_PODFILE_DIR_PATH}/Podfile.lock\" \"${PODS_ROOT}/Manifest.lock\" > /dev/null\nif [ $? != 0 ] ; then\n    # print error to STDERR\n    echo \"error: The sandbox is not in sync with the Podfile.lock. Run 'pod install' or update your CocoaPods installation.\" >&2\n    exit 1\nfi\n# This output is used by Xcode 'outputs' to avoid re-running this script phase.\necho \"SUCCESS\" > \"${SCRIPT_OUTPUT_FILE_0}\"\n";
			showEnvVarsInLog = 0;
		};
		642D6EEE2EFC61E2C79B4BF3 /* [CP] Embed Pods Frameworks */ = {
			isa = PBXShellScriptBuildPhase;
			buildActionMask = 2147483647;
			files = (
			);
			inputFileListPaths = (
				"${PODS_ROOT}/Target Support Files/Pods-TAU-TAUUITests/Pods-TAU-TAUUITests-frameworks-${CONFIGURATION}-input-files.xcfilelist",
			);
			name = "[CP] Embed Pods Frameworks";
			outputFileListPaths = (
				"${PODS_ROOT}/Target Support Files/Pods-TAU-TAUUITests/Pods-TAU-TAUUITests-frameworks-${CONFIGURATION}-output-files.xcfilelist",
			);
			runOnlyForDeploymentPostprocessing = 0;
			shellPath = /bin/sh;
			shellScript = "\"${PODS_ROOT}/Target Support Files/Pods-TAU-TAUUITests/Pods-TAU-TAUUITests-frameworks.sh\"\n";
			showEnvVarsInLog = 0;
		};
		87ECEDA739E51213EFB81ACC /* [CP] Check Pods Manifest.lock */ = {
			isa = PBXShellScriptBuildPhase;
			buildActionMask = 2147483647;
			files = (
			);
			inputFileListPaths = (
			);
			inputPaths = (
				"${PODS_PODFILE_DIR_PATH}/Podfile.lock",
				"${PODS_ROOT}/Manifest.lock",
			);
			name = "[CP] Check Pods Manifest.lock";
			outputFileListPaths = (
			);
			outputPaths = (
				"$(DERIVED_FILE_DIR)/Pods-TAU-checkManifestLockResult.txt",
			);
			runOnlyForDeploymentPostprocessing = 0;
			shellPath = /bin/sh;
			shellScript = "diff \"${PODS_PODFILE_DIR_PATH}/Podfile.lock\" \"${PODS_ROOT}/Manifest.lock\" > /dev/null\nif [ $? != 0 ] ; then\n    # print error to STDERR\n    echo \"error: The sandbox is not in sync with the Podfile.lock. Run 'pod install' or update your CocoaPods installation.\" >&2\n    exit 1\nfi\n# This output is used by Xcode 'outputs' to avoid re-running this script phase.\necho \"SUCCESS\" > \"${SCRIPT_OUTPUT_FILE_0}\"\n";
			showEnvVarsInLog = 0;
		};
/* End PBXShellScriptBuildPhase section */

/* Begin PBXSourcesBuildPhase section */
		4A5DB383272ADD440002C930 /* Sources */ = {
			isa = PBXSourcesBuildPhase;
			buildActionMask = 2147483647;
			files = (
				4A5DB38A272ADD440002C930 /* TAUUITests.swift in Sources */,
				4AEBE68C272B1B5D0063C32E /* TAUEyesTest.swift in Sources */,
				4A5DB39A272B0F850002C930 /* TAUelements.swift in Sources */,
				4A5DB393272AF0360002C930 /* TAUUITestBase.swift in Sources */,
				4A5DB397272B0F6E0002C930 /* TAUSteps.swift in Sources */,
				4A5DB395272AFFC30002C930 /* BDDTest.swift in Sources */,
				4A5DB38C272ADD440002C930 /* TAUUITestsLaunchTests.swift in Sources */,
			);
			runOnlyForDeploymentPostprocessing = 0;
		};
		9B5BC706220F55C20047CFA4 /* Sources */ = {
			isa = PBXSourcesBuildPhase;
			buildActionMask = 2147483647;
			files = (
				9B5BC710220F55C20047CFA4 /* ViewController.swift in Sources */,
				9B5BC70E220F55C20047CFA4 /* AppDelegate.swift in Sources */,
			);
			runOnlyForDeploymentPostprocessing = 0;
		};
		9B5BC71A220F55D20047CFA4 /* Sources */ = {
			isa = PBXSourcesBuildPhase;
			buildActionMask = 2147483647;
			files = (
				9B5BC723220F55D20047CFA4 /* TAUTests.swift in Sources */,
			);
			runOnlyForDeploymentPostprocessing = 0;
		};
/* End PBXSourcesBuildPhase section */

/* Begin PBXTargetDependency section */
		4A5DB38E272ADD440002C930 /* PBXTargetDependency */ = {
			isa = PBXTargetDependency;
			target = 9B5BC709220F55C20047CFA4 /* TAU */;
			targetProxy = 4A5DB38D272ADD440002C930 /* PBXContainerItemProxy */;
		};
		9B5BC720220F55D20047CFA4 /* PBXTargetDependency */ = {
			isa = PBXTargetDependency;
			target = 9B5BC709220F55C20047CFA4 /* TAU */;
			targetProxy = 9B5BC71F220F55D20047CFA4 /* PBXContainerItemProxy */;
		};
/* End PBXTargetDependency section */

/* Begin PBXVariantGroup section */
		9B5BC711220F55C20047CFA4 /* Main.storyboard */ = {
			isa = PBXVariantGroup;
			children = (
				9B5BC712220F55C20047CFA4 /* Base */,
			);
			name = Main.storyboard;
			sourceTree = "<group>";
		};
		9B5BC716220F55D20047CFA4 /* LaunchScreen.storyboard */ = {
			isa = PBXVariantGroup;
			children = (
				9B5BC717220F55D20047CFA4 /* Base */,
			);
			name = LaunchScreen.storyboard;
			sourceTree = "<group>";
		};
/* End PBXVariantGroup section */

/* Begin XCBuildConfiguration section */
		4A5DB38F272ADD440002C930 /* Debug */ = {
			isa = XCBuildConfiguration;
			baseConfigurationReference = BDC300055FD24FD8BB9B18F7 /* Pods-TAU-TAUUITests.debug.xcconfig */;
			buildSettings = {
				CLANG_CXX_LANGUAGE_STANDARD = "gnu++17";
				CLANG_WARN_QUOTED_INCLUDE_IN_FRAMEWORK_HEADER = YES;
				CODE_SIGN_STYLE = Automatic;
				CURRENT_PROJECT_VERSION = 1;
				DEVELOPMENT_TEAM = SN84VJ6NQV;
				GENERATE_INFOPLIST_FILE = YES;
				IPHONEOS_DEPLOYMENT_TARGET = 15.0;
				LD_RUNPATH_SEARCH_PATHS = (
					"$(inherited)",
					"@executable_path/Frameworks",
					"@loader_path/Frameworks",
				);
				MARKETING_VERSION = 1.0;
				PRODUCT_BUNDLE_IDENTIFIER = maheshpatnam.TAUUITests;
				PRODUCT_NAME = "$(TARGET_NAME)";
				SWIFT_EMIT_LOC_STRINGS = NO;
				SWIFT_VERSION = 5.0;
				TARGETED_DEVICE_FAMILY = "1,2";
				TEST_TARGET_NAME = TAU;
			};
			name = Debug;
		};
		4A5DB390272ADD440002C930 /* Release */ = {
			isa = XCBuildConfiguration;
			baseConfigurationReference = C37EAFF15C1EDC32214F0270 /* Pods-TAU-TAUUITests.release.xcconfig */;
			buildSettings = {
				CLANG_CXX_LANGUAGE_STANDARD = "gnu++17";
				CLANG_WARN_QUOTED_INCLUDE_IN_FRAMEWORK_HEADER = YES;
				CODE_SIGN_STYLE = Automatic;
				CURRENT_PROJECT_VERSION = 1;
				DEVELOPMENT_TEAM = SN84VJ6NQV;
				GENERATE_INFOPLIST_FILE = YES;
				IPHONEOS_DEPLOYMENT_TARGET = 15.0;
				LD_RUNPATH_SEARCH_PATHS = (
					"$(inherited)",
					"@executable_path/Frameworks",
					"@loader_path/Frameworks",
				);
				MARKETING_VERSION = 1.0;
				PRODUCT_BUNDLE_IDENTIFIER = maheshpatnam.TAUUITests;
				PRODUCT_NAME = "$(TARGET_NAME)";
				SWIFT_EMIT_LOC_STRINGS = NO;
				SWIFT_VERSION = 5.0;
				TARGETED_DEVICE_FAMILY = "1,2";
				TEST_TARGET_NAME = TAU;
			};
			name = Release;
		};
		9B5BC725220F55D20047CFA4 /* Debug */ = {
			isa = XCBuildConfiguration;
			buildSettings = {
				ALWAYS_SEARCH_USER_PATHS = NO;
				CLANG_ANALYZER_NONNULL = YES;
				CLANG_ANALYZER_NUMBER_OBJECT_CONVERSION = YES_AGGRESSIVE;
				CLANG_CXX_LANGUAGE_STANDARD = "gnu++14";
				CLANG_CXX_LIBRARY = "libc++";
				CLANG_ENABLE_MODULES = YES;
				CLANG_ENABLE_OBJC_ARC = YES;
				CLANG_ENABLE_OBJC_WEAK = YES;
				CLANG_WARN_BLOCK_CAPTURE_AUTORELEASING = YES;
				CLANG_WARN_BOOL_CONVERSION = YES;
				CLANG_WARN_COMMA = YES;
				CLANG_WARN_CONSTANT_CONVERSION = YES;
				CLANG_WARN_DEPRECATED_OBJC_IMPLEMENTATIONS = YES;
				CLANG_WARN_DIRECT_OBJC_ISA_USAGE = YES_ERROR;
				CLANG_WARN_DOCUMENTATION_COMMENTS = YES;
				CLANG_WARN_EMPTY_BODY = YES;
				CLANG_WARN_ENUM_CONVERSION = YES;
				CLANG_WARN_INFINITE_RECURSION = YES;
				CLANG_WARN_INT_CONVERSION = YES;
				CLANG_WARN_NON_LITERAL_NULL_CONVERSION = YES;
				CLANG_WARN_OBJC_IMPLICIT_RETAIN_SELF = YES;
				CLANG_WARN_OBJC_LITERAL_CONVERSION = YES;
				CLANG_WARN_OBJC_ROOT_CLASS = YES_ERROR;
				CLANG_WARN_RANGE_LOOP_ANALYSIS = YES;
				CLANG_WARN_STRICT_PROTOTYPES = YES;
				CLANG_WARN_SUSPICIOUS_MOVE = YES;
				CLANG_WARN_UNGUARDED_AVAILABILITY = YES_AGGRESSIVE;
				CLANG_WARN_UNREACHABLE_CODE = YES;
				CLANG_WARN__DUPLICATE_METHOD_MATCH = YES;
				CODE_SIGN_IDENTITY = "iPhone Developer";
				COPY_PHASE_STRIP = NO;
				DEBUG_INFORMATION_FORMAT = dwarf;
				ENABLE_STRICT_OBJC_MSGSEND = YES;
				ENABLE_TESTABILITY = YES;
				GCC_C_LANGUAGE_STANDARD = gnu11;
				GCC_DYNAMIC_NO_PIC = NO;
				GCC_NO_COMMON_BLOCKS = YES;
				GCC_OPTIMIZATION_LEVEL = 0;
				GCC_PREPROCESSOR_DEFINITIONS = (
					"DEBUG=1",
					"$(inherited)",
				);
				GCC_WARN_64_TO_32_BIT_CONVERSION = YES;
				GCC_WARN_ABOUT_RETURN_TYPE = YES_ERROR;
				GCC_WARN_UNDECLARED_SELECTOR = YES;
				GCC_WARN_UNINITIALIZED_AUTOS = YES_AGGRESSIVE;
				GCC_WARN_UNUSED_FUNCTION = YES;
				GCC_WARN_UNUSED_VARIABLE = YES;
				IPHONEOS_DEPLOYMENT_TARGET = 12.1;
				MTL_ENABLE_DEBUG_INFO = INCLUDE_SOURCE;
				MTL_FAST_MATH = YES;
				ONLY_ACTIVE_ARCH = YES;
				SDKROOT = iphoneos;
				SWIFT_ACTIVE_COMPILATION_CONDITIONS = DEBUG;
				SWIFT_OPTIMIZATION_LEVEL = "-Onone";
			};
			name = Debug;
		};
		9B5BC726220F55D20047CFA4 /* Release */ = {
			isa = XCBuildConfiguration;
			buildSettings = {
				ALWAYS_SEARCH_USER_PATHS = NO;
				CLANG_ANALYZER_NONNULL = YES;
				CLANG_ANALYZER_NUMBER_OBJECT_CONVERSION = YES_AGGRESSIVE;
				CLANG_CXX_LANGUAGE_STANDARD = "gnu++14";
				CLANG_CXX_LIBRARY = "libc++";
				CLANG_ENABLE_MODULES = YES;
				CLANG_ENABLE_OBJC_ARC = YES;
				CLANG_ENABLE_OBJC_WEAK = YES;
				CLANG_WARN_BLOCK_CAPTURE_AUTORELEASING = YES;
				CLANG_WARN_BOOL_CONVERSION = YES;
				CLANG_WARN_COMMA = YES;
				CLANG_WARN_CONSTANT_CONVERSION = YES;
				CLANG_WARN_DEPRECATED_OBJC_IMPLEMENTATIONS = YES;
				CLANG_WARN_DIRECT_OBJC_ISA_USAGE = YES_ERROR;
				CLANG_WARN_DOCUMENTATION_COMMENTS = YES;
				CLANG_WARN_EMPTY_BODY = YES;
				CLANG_WARN_ENUM_CONVERSION = YES;
				CLANG_WARN_INFINITE_RECURSION = YES;
				CLANG_WARN_INT_CONVERSION = YES;
				CLANG_WARN_NON_LITERAL_NULL_CONVERSION = YES;
				CLANG_WARN_OBJC_IMPLICIT_RETAIN_SELF = YES;
				CLANG_WARN_OBJC_LITERAL_CONVERSION = YES;
				CLANG_WARN_OBJC_ROOT_CLASS = YES_ERROR;
				CLANG_WARN_RANGE_LOOP_ANALYSIS = YES;
				CLANG_WARN_STRICT_PROTOTYPES = YES;
				CLANG_WARN_SUSPICIOUS_MOVE = YES;
				CLANG_WARN_UNGUARDED_AVAILABILITY = YES_AGGRESSIVE;
				CLANG_WARN_UNREACHABLE_CODE = YES;
				CLANG_WARN__DUPLICATE_METHOD_MATCH = YES;
				CODE_SIGN_IDENTITY = "iPhone Developer";
				COPY_PHASE_STRIP = NO;
				DEBUG_INFORMATION_FORMAT = "dwarf-with-dsym";
				ENABLE_NS_ASSERTIONS = NO;
				ENABLE_STRICT_OBJC_MSGSEND = YES;
				GCC_C_LANGUAGE_STANDARD = gnu11;
				GCC_NO_COMMON_BLOCKS = YES;
				GCC_WARN_64_TO_32_BIT_CONVERSION = YES;
				GCC_WARN_ABOUT_RETURN_TYPE = YES_ERROR;
				GCC_WARN_UNDECLARED_SELECTOR = YES;
				GCC_WARN_UNINITIALIZED_AUTOS = YES_AGGRESSIVE;
				GCC_WARN_UNUSED_FUNCTION = YES;
				GCC_WARN_UNUSED_VARIABLE = YES;
				IPHONEOS_DEPLOYMENT_TARGET = 12.1;
				MTL_ENABLE_DEBUG_INFO = NO;
				MTL_FAST_MATH = YES;
				SDKROOT = iphoneos;
				SWIFT_COMPILATION_MODE = wholemodule;
				SWIFT_OPTIMIZATION_LEVEL = "-O";
				VALIDATE_PRODUCT = YES;
			};
			name = Release;
		};
		9B5BC728220F55D20047CFA4 /* Debug */ = {
			isa = XCBuildConfiguration;
			baseConfigurationReference = 1360FD2CF0FE60B7895E929C /* Pods-TAU.debug.xcconfig */;
			buildSettings = {
				ASSETCATALOG_COMPILER_APPICON_NAME = AppIcon;
				ASSETCATALOG_COMPILER_LAUNCHIMAGE_NAME = LaunchImage;
				CODE_SIGN_STYLE = Automatic;
				DEVELOPMENT_TEAM = E8YSTT4EW3;
				INFOPLIST_FILE = TAU/Info.plist;
				IPHONEOS_DEPLOYMENT_TARGET = 12.0;
				LD_RUNPATH_SEARCH_PATHS = (
					"$(inherited)",
					"@executable_path/Frameworks",
				);
				PRODUCT_BUNDLE_IDENTIFIER = com.shashikant.TAU;
				PRODUCT_NAME = "$(TARGET_NAME)";
				SWIFT_VERSION = 4.2;
				TARGETED_DEVICE_FAMILY = "1,2";
			};
			name = Debug;
		};
		9B5BC729220F55D20047CFA4 /* Release */ = {
			isa = XCBuildConfiguration;
			baseConfigurationReference = 65C16B4C481B9AE2A78DCBB5 /* Pods-TAU.release.xcconfig */;
			buildSettings = {
				ASSETCATALOG_COMPILER_APPICON_NAME = AppIcon;
				ASSETCATALOG_COMPILER_LAUNCHIMAGE_NAME = LaunchImage;
				CODE_SIGN_STYLE = Automatic;
				DEVELOPMENT_TEAM = E8YSTT4EW3;
				INFOPLIST_FILE = TAU/Info.plist;
				IPHONEOS_DEPLOYMENT_TARGET = 12.0;
				LD_RUNPATH_SEARCH_PATHS = (
					"$(inherited)",
					"@executable_path/Frameworks",
				);
				PRODUCT_BUNDLE_IDENTIFIER = com.shashikant.TAU;
				PRODUCT_NAME = "$(TARGET_NAME)";
				SWIFT_VERSION = 4.2;
				TARGETED_DEVICE_FAMILY = "1,2";
			};
			name = Release;
		};
		9B5BC72B220F55D20047CFA4 /* Debug */ = {
			isa = XCBuildConfiguration;
			buildSettings = {
				ALWAYS_EMBED_SWIFT_STANDARD_LIBRARIES = YES;
				BUNDLE_LOADER = "$(TEST_HOST)";
				CODE_SIGN_STYLE = Automatic;
				DEVELOPMENT_TEAM = E8YSTT4EW3;
				INFOPLIST_FILE = TAUTests/Info.plist;
				LD_RUNPATH_SEARCH_PATHS = (
					"$(inherited)",
					"@executable_path/Frameworks",
					"@loader_path/Frameworks",
				);
				PRODUCT_BUNDLE_IDENTIFIER = com.shashikant.TAUTests;
				PRODUCT_NAME = "$(TARGET_NAME)";
				SWIFT_VERSION = 4.2;
				TARGETED_DEVICE_FAMILY = "1,2";
				TEST_HOST = "$(BUILT_PRODUCTS_DIR)/TAU.app/TAU";
			};
			name = Debug;
		};
		9B5BC72C220F55D20047CFA4 /* Release */ = {
			isa = XCBuildConfiguration;
			buildSettings = {
				ALWAYS_EMBED_SWIFT_STANDARD_LIBRARIES = YES;
				BUNDLE_LOADER = "$(TEST_HOST)";
				CODE_SIGN_STYLE = Automatic;
				DEVELOPMENT_TEAM = E8YSTT4EW3;
				INFOPLIST_FILE = TAUTests/Info.plist;
				LD_RUNPATH_SEARCH_PATHS = (
					"$(inherited)",
					"@executable_path/Frameworks",
					"@loader_path/Frameworks",
				);
				PRODUCT_BUNDLE_IDENTIFIER = com.shashikant.TAUTests;
				PRODUCT_NAME = "$(TARGET_NAME)";
				SWIFT_VERSION = 4.2;
				TARGETED_DEVICE_FAMILY = "1,2";
				TEST_HOST = "$(BUILT_PRODUCTS_DIR)/TAU.app/TAU";
			};
			name = Release;
		};
/* End XCBuildConfiguration section */

/* Begin XCConfigurationList section */
		4A5DB391272ADD440002C930 /* Build configuration list for PBXNativeTarget "TAUUITests" */ = {
			isa = XCConfigurationList;
			buildConfigurations = (
				4A5DB38F272ADD440002C930 /* Debug */,
				4A5DB390272ADD440002C930 /* Release */,
			);
			defaultConfigurationIsVisible = 0;
			defaultConfigurationName = Release;
		};
		9B5BC705220F55C20047CFA4 /* Build configuration list for PBXProject "TAU" */ = {
			isa = XCConfigurationList;
			buildConfigurations = (
				9B5BC725220F55D20047CFA4 /* Debug */,
				9B5BC726220F55D20047CFA4 /* Release */,
			);
			defaultConfigurationIsVisible = 0;
			defaultConfigurationName = Release;
		};
		9B5BC727220F55D20047CFA4 /* Build configuration list for PBXNativeTarget "TAU" */ = {
			isa = XCConfigurationList;
			buildConfigurations = (
				9B5BC728220F55D20047CFA4 /* Debug */,
				9B5BC729220F55D20047CFA4 /* Release */,
			);
			defaultConfigurationIsVisible = 0;
			defaultConfigurationName = Release;
		};
		9B5BC72A220F55D20047CFA4 /* Build configuration list for PBXNativeTarget "TAUTests" */ = {
			isa = XCConfigurationList;
			buildConfigurations = (
				9B5BC72B220F55D20047CFA4 /* Debug */,
				9B5BC72C220F55D20047CFA4 /* Release */,
			);
			defaultConfigurationIsVisible = 0;
			defaultConfigurationName = Release;
		};
/* End XCConfigurationList section */
	};
	rootObject = 9B5BC702220F55C20047CFA4 /* Project object */;
}
